{
    "_meta": {
        "hash": {
            "sha256": "688bf2f2cf6e6e83dd3447ce503fadba1d4d4f72fdadd922f4ef4daf7fa17201"
        },
        "pipfile-spec": 6,
        "requires": {
            "python_version": "3.9.6"
        },
        "sources": [
            {
                "name": "pypi",
                "url": "https://pypi.org/simple",
                "verify_ssl": true
            }
        ]
    },
    "default": {},
    "develop": {}
}
